
Microsoft Visual Studio Solution File, Format Version 12.00
# Visual Studio Version 16
VisualStudioVersion = 16.0.809.6
MinimumVisualStudioVersion = 10.0.40219.1
Project("{FAE04EC0-301F-11D3-BF4B-00C04F79EFBC}") = "NumberGuessing", "NumberGuessing.csproj", "{B3FE0D3C-1921-4EF9-B0DE-C02388EFC74E}"
EndProject
Global
	GlobalSection(SolutionConfigurationPlatforms) = preSolution
		Debug|Any CPU = Debug|Any CPU
		Release|Any CPU = Release|Any CPU
	EndGlobalSection
	GlobalSection(ProjectConfigurationPlatforms) = postSolution
		{B3FE0D3C-1921-4EF9-B0DE-C02388EFC74E}.Debug|Any CPU.ActiveCfg = Debug|Any CPU
		{B3FE0D3C-1921-4EF9-B0DE-C02388EFC74E}.Debug|Any CPU.Build.0 = Debug|Any CPU
		{B3FE0D3C-1921-4EF9-B0DE-C02388EFC74E}.Release|Any CPU.ActiveCfg = Release|Any CPU
		{B3FE0D3C-1921-4EF9-B0DE-C02388EFC74E}.Release|Any CPU.Build.0 = Release|Any CPU
	EndGlobalSection
	GlobalSection(SolutionProperties) = preSolution
		HideSolutionNode = FALSE
	EndGlobalSection
	GlobalSection(ExtensibilityGlobals) = postSolution
		SolutionGuid = {23527443-71FD-4FF9-971B-5F17A0003F3E}
	EndGlobalSection
EndGlobal
